
Microsoft Visual Studio Solution File, Format Version 12.00
# Visual Studio Version 17
VisualStudioVersion = 17.7.34031.279
MinimumVisualStudioVersion = 10.0.40219.1
Project("{9A19103F-16F7-4668-BE54-9A1E7A4F7556}") = "MedflixWinForms", "MedflixWinForms\MedflixWinForms.csproj", "{3E4647F5-3DEE-4256-8560-5F47F9AB35F7}"
EndProject
Project("{9A19103F-16F7-4668-BE54-9A1E7A4F7556}") = "WebHostStreaming", "..\..\WebHostStreaming\WebHostStreaming\WebHostStreaming.csproj", "{35241523-3460-4805-BACA-4343BA996FE6}"
EndProject
Global
	GlobalSection(SolutionConfigurationPlatforms) = preSolution
		Debug|Any CPU = Debug|Any CPU
		Release|Any CPU = Release|Any CPU
	EndGlobalSection
	GlobalSection(ProjectConfigurationPlatforms) = postSolution
		{3E4647F5-3DEE-4256-8560-5F47F9AB35F7}.Debug|Any CPU.ActiveCfg = Debug|Any CPU
		{3E4647F5-3DEE-4256-8560-5F47F9AB35F7}.Debug|Any CPU.Build.0 = Debug|Any CPU
		{3E4647F5-3DEE-4256-8560-5F47F9AB35F7}.Release|Any CPU.ActiveCfg = Release|Any CPU
		{3E4647F5-3DEE-4256-8560-5F47F9AB35F7}.Release|Any CPU.Build.0 = Release|Any CPU
		{35241523-3460-4805-BACA-4343BA996FE6}.Debug|Any CPU.ActiveCfg = Debug|Any CPU
		{35241523-3460-4805-BACA-4343BA996FE6}.Debug|Any CPU.Build.0 = Debug|Any CPU
		{35241523-3460-4805-BACA-4343BA996FE6}.Release|Any CPU.ActiveCfg = Release|Any CPU
		{35241523-3460-4805-BACA-4343BA996FE6}.Release|Any CPU.Build.0 = Release|Any CPU
	EndGlobalSection
	GlobalSection(SolutionProperties) = preSolution
		HideSolutionNode = FALSE
	EndGlobalSection
	GlobalSection(ExtensibilityGlobals) = postSolution
		SolutionGuid = {E0358588-726C-47FE-8E79-E9B0A515FDF8}
	EndGlobalSection
EndGlobal
