
Microsoft Visual Studio Solution File, Format Version 12.00
# Visual Studio Version 17
VisualStudioVersion = 17.7.34031.279
MinimumVisualStudioVersion = 10.0.40219.1
Project("{9A19103F-16F7-4668-BE54-9A1E7A4F7556}") = "Medflix", "Medflix.csproj", "{4A951122-20F1-45D9-B48D-9E351A5E74CA}"
EndProject
Project("{9A19103F-16F7-4668-BE54-9A1E7A4F7556}") = "Medflix.Desktop", "..\Medflix.Desktop\Medflix.Desktop.csproj", "{4A56CC89-90C6-4F4C-96FA-5E2CA3FB04FD}"
EndProject
Project("{9A19103F-16F7-4668-BE54-9A1E7A4F7556}") = "LibVlcSharp.Avalonia.Unofficial", "..\LibVlcSharp.Avalonia.Unofficial\LibVlcSharp.Avalonia.Unofficial.csproj", "{96E1A754-69A9-446A-8825-B1395E63F189}"
EndProject
Project("{9A19103F-16F7-4668-BE54-9A1E7A4F7556}") = "WebHostStreaming", "..\..\..\WebHostStreaming\WebHostStreaming\WebHostStreaming.csproj", "{C27CCFC1-2808-41B9-82D0-6E3D3AE74F79}"
EndProject
Global
	GlobalSection(SolutionConfigurationPlatforms) = preSolution
		Debug|Any CPU = Debug|Any CPU
		Release Background|Any CPU = Release Background|Any CPU
		Release|Any CPU = Release|Any CPU
	EndGlobalSection
	GlobalSection(ProjectConfigurationPlatforms) = postSolution
		{4A951122-20F1-45D9-B48D-9E351A5E74CA}.Debug|Any CPU.ActiveCfg = Debug|Any CPU
		{4A951122-20F1-45D9-B48D-9E351A5E74CA}.Debug|Any CPU.Build.0 = Debug|Any CPU
		{4A951122-20F1-45D9-B48D-9E351A5E74CA}.Release Background|Any CPU.ActiveCfg = Release|Any CPU
		{4A951122-20F1-45D9-B48D-9E351A5E74CA}.Release Background|Any CPU.Build.0 = Release|Any CPU
		{4A951122-20F1-45D9-B48D-9E351A5E74CA}.Release|Any CPU.ActiveCfg = Release|Any CPU
		{4A951122-20F1-45D9-B48D-9E351A5E74CA}.Release|Any CPU.Build.0 = Release|Any CPU
		{4A56CC89-90C6-4F4C-96FA-5E2CA3FB04FD}.Debug|Any CPU.ActiveCfg = Debug|Any CPU
		{4A56CC89-90C6-4F4C-96FA-5E2CA3FB04FD}.Debug|Any CPU.Build.0 = Debug|Any CPU
		{4A56CC89-90C6-4F4C-96FA-5E2CA3FB04FD}.Release Background|Any CPU.ActiveCfg = Release|Any CPU
		{4A56CC89-90C6-4F4C-96FA-5E2CA3FB04FD}.Release Background|Any CPU.Build.0 = Release|Any CPU
		{4A56CC89-90C6-4F4C-96FA-5E2CA3FB04FD}.Release|Any CPU.ActiveCfg = Release|Any CPU
		{4A56CC89-90C6-4F4C-96FA-5E2CA3FB04FD}.Release|Any CPU.Build.0 = Release|Any CPU
		{96E1A754-69A9-446A-8825-B1395E63F189}.Debug|Any CPU.ActiveCfg = Debug|Any CPU
		{96E1A754-69A9-446A-8825-B1395E63F189}.Debug|Any CPU.Build.0 = Debug|Any CPU
		{96E1A754-69A9-446A-8825-B1395E63F189}.Release Background|Any CPU.ActiveCfg = Release|Any CPU
		{96E1A754-69A9-446A-8825-B1395E63F189}.Release Background|Any CPU.Build.0 = Release|Any CPU
		{96E1A754-69A9-446A-8825-B1395E63F189}.Release|Any CPU.ActiveCfg = Release|Any CPU
		{96E1A754-69A9-446A-8825-B1395E63F189}.Release|Any CPU.Build.0 = Release|Any CPU
		{C27CCFC1-2808-41B9-82D0-6E3D3AE74F79}.Debug|Any CPU.ActiveCfg = Debug|Any CPU
		{C27CCFC1-2808-41B9-82D0-6E3D3AE74F79}.Debug|Any CPU.Build.0 = Debug|Any CPU
		{C27CCFC1-2808-41B9-82D0-6E3D3AE74F79}.Release Background|Any CPU.ActiveCfg = Release Background|Any CPU
		{C27CCFC1-2808-41B9-82D0-6E3D3AE74F79}.Release Background|Any CPU.Build.0 = Release Background|Any CPU
		{C27CCFC1-2808-41B9-82D0-6E3D3AE74F79}.Release|Any CPU.ActiveCfg = Release|Any CPU
		{C27CCFC1-2808-41B9-82D0-6E3D3AE74F79}.Release|Any CPU.Build.0 = Release|Any CPU
	EndGlobalSection
	GlobalSection(SolutionProperties) = preSolution
		HideSolutionNode = FALSE
	EndGlobalSection
	GlobalSection(ExtensibilityGlobals) = postSolution
		SolutionGuid = {92D2C302-8168-43CA-A37E-9FC2416BBDBC}
	EndGlobalSection
EndGlobal
