
Microsoft Visual Studio Solution File, Format Version 12.00
# Visual Studio Version 17
VisualStudioVersion = 17.0.32014.148
MinimumVisualStudioVersion = 10.0.40219.1
Project("{9A19103F-16F7-4668-BE54-9A1E7A4F7556}") = "MoviesAPI", "MoviesAPI\MoviesAPI.csproj", "{5B618B03-4C72-4F40-BC61-124EE387937B}"
EndProject
Project("{9A19103F-16F7-4668-BE54-9A1E7A4F7556}") = "MoviesApiSample", "MoviesApiSample\MoviesApiSample.csproj", "{39BFA0AF-9661-4662-9622-885DB289B403}"
EndProject
Global
	GlobalSection(SolutionConfigurationPlatforms) = preSolution
		Debug|Any CPU = Debug|Any CPU
		Release|Any CPU = Release|Any CPU
	EndGlobalSection
	GlobalSection(ProjectConfigurationPlatforms) = postSolution
		{5B618B03-4C72-4F40-BC61-124EE387937B}.Debug|Any CPU.ActiveCfg = Debug|Any CPU
		{5B618B03-4C72-4F40-BC61-124EE387937B}.Debug|Any CPU.Build.0 = Debug|Any CPU
		{5B618B03-4C72-4F40-BC61-124EE387937B}.Release|Any CPU.ActiveCfg = Release|Any CPU
		{5B618B03-4C72-4F40-BC61-124EE387937B}.Release|Any CPU.Build.0 = Release|Any CPU
		{39BFA0AF-9661-4662-9622-885DB289B403}.Debug|Any CPU.ActiveCfg = Debug|Any CPU
		{39BFA0AF-9661-4662-9622-885DB289B403}.Debug|Any CPU.Build.0 = Debug|Any CPU
		{39BFA0AF-9661-4662-9622-885DB289B403}.Release|Any CPU.ActiveCfg = Release|Any CPU
		{39BFA0AF-9661-4662-9622-885DB289B403}.Release|Any CPU.Build.0 = Release|Any CPU
	EndGlobalSection
	GlobalSection(SolutionProperties) = preSolution
		HideSolutionNode = FALSE
	EndGlobalSection
	GlobalSection(ExtensibilityGlobals) = postSolution
		SolutionGuid = {F438560A-12D6-4886-AD53-255C5D3E5733}
	EndGlobalSection
EndGlobal
