
Microsoft Visual Studio Solution File, Format Version 12.00
# Visual Studio Version 16
VisualStudioVersion = 16.0.30717.126
MinimumVisualStudioVersion = 10.0.40219.1
Project("{FAE04EC0-301F-11D3-BF4B-00C04F79EFBC}") = "MoviesAPI", "MoviesAPI\MoviesAPI.csproj", "{5B618B03-4C72-4F40-BC61-124EE387937B}"
EndProject
Project("{FAE04EC0-301F-11D3-BF4B-00C04F79EFBC}") = "MoviesAPITest", "MoviesAPITest\MoviesAPITest.csproj", "{1F03F7CE-0B90-4355-945F-F85B85F2BA7E}"
EndProject
Global
	GlobalSection(SolutionConfigurationPlatforms) = preSolution
		Debug|Any CPU = Debug|Any CPU
		Release|Any CPU = Release|Any CPU
	EndGlobalSection
	GlobalSection(ProjectConfigurationPlatforms) = postSolution
		{5B618B03-4C72-4F40-BC61-124EE387937B}.Debug|Any CPU.ActiveCfg = Debug|Any CPU
		{5B618B03-4C72-4F40-BC61-124EE387937B}.Debug|Any CPU.Build.0 = Debug|Any CPU
		{5B618B03-4C72-4F40-BC61-124EE387937B}.Release|Any CPU.ActiveCfg = Release|Any CPU
		{5B618B03-4C72-4F40-BC61-124EE387937B}.Release|Any CPU.Build.0 = Release|Any CPU
		{1F03F7CE-0B90-4355-945F-F85B85F2BA7E}.Debug|Any CPU.ActiveCfg = Debug|Any CPU
		{1F03F7CE-0B90-4355-945F-F85B85F2BA7E}.Debug|Any CPU.Build.0 = Debug|Any CPU
		{1F03F7CE-0B90-4355-945F-F85B85F2BA7E}.Release|Any CPU.ActiveCfg = Release|Any CPU
		{1F03F7CE-0B90-4355-945F-F85B85F2BA7E}.Release|Any CPU.Build.0 = Release|Any CPU
	EndGlobalSection
	GlobalSection(SolutionProperties) = preSolution
		HideSolutionNode = FALSE
	EndGlobalSection
	GlobalSection(ExtensibilityGlobals) = postSolution
		SolutionGuid = {F438560A-12D6-4886-AD53-255C5D3E5733}
	EndGlobalSection
EndGlobal
