
Microsoft Visual Studio Solution File, Format Version 12.00
# Visual Studio Version 17
VisualStudioVersion = 17.0.32014.148
MinimumVisualStudioVersion = 10.0.40219.1
Project("{9A19103F-16F7-4668-BE54-9A1E7A4F7556}") = "WebHostStreaming", "WebHostStreaming\WebHostStreaming.csproj", "{F4920E0A-AC5F-489A-867A-5612713F367D}"
EndProject
Global
	GlobalSection(SolutionConfigurationPlatforms) = preSolution
		Debug|Any CPU = Debug|Any CPU
		Release Background|Any CPU = Release Background|Any CPU
		Release|Any CPU = Release|Any CPU
	EndGlobalSection
	GlobalSection(ProjectConfigurationPlatforms) = postSolution
		{F4920E0A-AC5F-489A-867A-5612713F367D}.Debug|Any CPU.ActiveCfg = Debug|Any CPU
		{F4920E0A-AC5F-489A-867A-5612713F367D}.Debug|Any CPU.Build.0 = Debug|Any CPU
		{F4920E0A-AC5F-489A-867A-5612713F367D}.Release Background|Any CPU.ActiveCfg = Release Background|Any CPU
		{F4920E0A-AC5F-489A-867A-5612713F367D}.Release Background|Any CPU.Build.0 = Release Background|Any CPU
		{F4920E0A-AC5F-489A-867A-5612713F367D}.Release|Any CPU.ActiveCfg = Release|Any CPU
		{F4920E0A-AC5F-489A-867A-5612713F367D}.Release|Any CPU.Build.0 = Release|Any CPU
	EndGlobalSection
	GlobalSection(SolutionProperties) = preSolution
		HideSolutionNode = FALSE
	EndGlobalSection
	GlobalSection(ExtensibilityGlobals) = postSolution
		SolutionGuid = {1CAB3EDE-2098-4824-A17D-06EDBD96852A}
	EndGlobalSection
EndGlobal
